
Microsoft Visual Studio Solution File, Format Version 12.00
# Visual Studio Version 17
VisualStudioVersion = 17.11.35222.181
MinimumVisualStudioVersion = 10.0.40219.1
Project("{2150E333-8FDC-42A3-9474-1A3956D46DE8}") = "Services", "Services", "{9C071687-AEE3-4021-B887-0814CE9DA632}"
EndProject
Project("{2150E333-8FDC-42A3-9474-1A3956D46DE8}") = "Catalog", "Catalog", "{E313953B-A104-4655-A009-B3201A319721}"
EndProject
Project("{9A19103F-16F7-4668-BE54-9A1E7A4F7556}") = "MultiShop.Catalog", "Services\Catalog\MultiShop.Catalog\MultiShop.Catalog.csproj", "{E35E1C61-95FC-4035-BA04-138EE69B6CD4}"
EndProject
Project("{2150E333-8FDC-42A3-9474-1A3956D46DE8}") = "Discount", "Discount", "{77379484-77D3-4BC8-B07F-9272B017626C}"
EndProject
Project("{9A19103F-16F7-4668-BE54-9A1E7A4F7556}") = "MultiShop.Discount", "Services\Discount\MultiShop.Discount\MultiShop.Discount.csproj", "{9B531EC9-DB1A-4B5D-8872-296432BF73FE}"
EndProject
Project("{2150E333-8FDC-42A3-9474-1A3956D46DE8}") = "Order", "Order", "{9D425CB5-B91D-41BA-8697-2C326F504753}"
EndProject
Project("{2150E333-8FDC-42A3-9474-1A3956D46DE8}") = "Core", "Core", "{34D42E74-582A-436C-B51D-D5E1EE376DDB}"
EndProject
Project("{2150E333-8FDC-42A3-9474-1A3956D46DE8}") = "Infrastructure", "Infrastructure", "{AD591F63-05FD-49FD-BA14-21D3C2200EFC}"
EndProject
Project("{2150E333-8FDC-42A3-9474-1A3956D46DE8}") = "Presentation", "Presentation", "{1D0E80A8-B41B-4FCE-B62F-A77ACD1BB2EC}"
EndProject
Project("{9A19103F-16F7-4668-BE54-9A1E7A4F7556}") = "MultiShop.Order.Domain", "Services\Order\Core\MultiShop.Order.Domain\MultiShop.Order.Domain.csproj", "{BC2430CC-2691-4BBF-9571-4C2C40B8390B}"
EndProject
Project("{9A19103F-16F7-4668-BE54-9A1E7A4F7556}") = "MultiShop.Order.Application", "Services\Order\Core\MultiShop.Order.Application\MultiShop.Order.Application.csproj", "{84C65B35-32C5-45ED-ABF2-06AB11DEF9EF}"
EndProject
Project("{9A19103F-16F7-4668-BE54-9A1E7A4F7556}") = "MultiShop.Order.Persistance", "Services\Order\Infrastructure\MultiShop.Order.Persistance\MultiShop.Order.Persistance.csproj", "{4DAF442C-A81B-4F0E-AAC8-798929DD8830}"
EndProject
Project("{9A19103F-16F7-4668-BE54-9A1E7A4F7556}") = "MultiShop.Order.WebApi", "Order\Persistance\MultiShop.Order.WebApi\MultiShop.Order.WebApi.csproj", "{B7AF639A-86CD-4343-B925-37E798957199}"
EndProject
Project("{2150E333-8FDC-42A3-9474-1A3956D46DE8}") = "IdentityServer", "IdentityServer", "{A286FB0D-0599-4C36-8129-3430449390BE}"
EndProject
Project("{9A19103F-16F7-4668-BE54-9A1E7A4F7556}") = "MultiShop.IdentityServer", "IdentityServer\MultiShop.IdentityServer\MultiShop.IdentityServer.csproj", "{551D1046-A67A-4833-9E69-9C685B49A3C5}"
EndProject
Project("{2150E333-8FDC-42A3-9474-1A3956D46DE8}") = "Requirement", "Requirement", "{FA2292C8-5760-42DB-91C9-8A45CFCF77F5}"
	ProjectSection(SolutionItems) = preProject
		OcelotCodeExample.txt = OcelotCodeExample.txt
		PortainerCmd.txt = PortainerCmd.txt
		portnumbers.txt = portnumbers.txt
		TextFile1.txt = TextFile1.txt
		Used stuff.txt = Used stuff.txt
	EndProjectSection
EndProject
Project("{2150E333-8FDC-42A3-9474-1A3956D46DE8}") = "Cargo", "Cargo", "{5C289E9F-8915-4D6B-864C-3A9900920792}"
EndProject
Project("{9A19103F-16F7-4668-BE54-9A1E7A4F7556}") = "MultiShop.Cargo.EntityLayer", "Services\Cargo\MultiShop.Cargo.EntityLayer\MultiShop.Cargo.EntityLayer.csproj", "{DB6A6485-82A1-4441-8CA3-902247B8E0B0}"
EndProject
Project("{9A19103F-16F7-4668-BE54-9A1E7A4F7556}") = "MultiShop.Cargo.BusinessLayer", "Services\Cargo\MultiShop.Cargo.BusinessLayer\MultiShop.Cargo.BusinessLayer.csproj", "{23314E4F-61EA-4ABD-B408-36CF2D0FFF9F}"
EndProject
Project("{9A19103F-16F7-4668-BE54-9A1E7A4F7556}") = "MultiShop.Cargo.DataAccessLayer", "Services\Cargo\MultiShop.Cargo.DataAccessLayer\MultiShop.Cargo.DataAccessLayer.csproj", "{C60EB7D1-E747-405D-84DE-D64F285D168F}"
EndProject
Project("{9A19103F-16F7-4668-BE54-9A1E7A4F7556}") = "MultiShop.Cargo.DtoLayer", "Services\Cargo\MultiShop.Cargo.DtoLayer\MultiShop.Cargo.DtoLayer.csproj", "{61B6D84A-B882-406B-ADC8-78930D599499}"
EndProject
Project("{9A19103F-16F7-4668-BE54-9A1E7A4F7556}") = "MultiShop.Cargo.WebApi", "Services\Cargo\MultiShop.Cargo.WebApi\MultiShop.Cargo.WebApi.csproj", "{A9181EE0-6C8C-4C7B-A275-8FDECFC146AF}"
EndProject
Project("{2150E333-8FDC-42A3-9474-1A3956D46DE8}") = "Basket", "Basket", "{5DD7572E-AD17-46D6-B658-D6259E849B49}"
EndProject
Project("{9A19103F-16F7-4668-BE54-9A1E7A4F7556}") = "MultiShop.Basket", "Services\Basket\MultiShop.Basket\MultiShop.Basket.csproj", "{D6F4BC7A-4677-4C9F-A842-F06A240FAEFF}"
EndProject
Project("{2150E333-8FDC-42A3-9474-1A3956D46DE8}") = "Frontends", "Frontends", "{689E0E64-9FC7-4913-B6B3-6AF248444495}"
EndProject
Project("{9A19103F-16F7-4668-BE54-9A1E7A4F7556}") = "MultiShop.WebUI", "Frontends\MultiShop.WebUI\MultiShop.WebUI.csproj", "{3A2DC423-35D3-4F12-BCCE-DD1D852ED91B}"
EndProject
Project("{9A19103F-16F7-4668-BE54-9A1E7A4F7556}") = "MultiShop.DtoLayer", "Frontends\MultiShop.DtoLayer\MultiShop.DtoLayer.csproj", "{5F863CF7-F622-40EE-83FB-3D384776D93D}"
EndProject
Project("{2150E333-8FDC-42A3-9474-1A3956D46DE8}") = "Comment", "Comment", "{A9256CBF-77A7-4AD4-A61E-AAA44F0EA885}"
EndProject
Project("{9A19103F-16F7-4668-BE54-9A1E7A4F7556}") = "MultiShop.Comment", "Services\Comment\MultiShop.Comment\MultiShop.Comment.csproj", "{4AEE3DC9-CF5F-41B6-9CF2-CD327C0A2BE6}"
EndProject
Project("{2150E333-8FDC-42A3-9474-1A3956D46DE8}") = "ApiGateway", "ApiGateway", "{A1DAA9A4-BC73-42ED-A1DF-434AA076B3FA}"
EndProject
Project("{2150E333-8FDC-42A3-9474-1A3956D46DE8}") = "RapidApi", "RapidApi", "{846F1078-4466-47EF-A064-67BADBEF8373}"
EndProject
Project("{9A19103F-16F7-4668-BE54-9A1E7A4F7556}") = "MultiShop.OcelotGateway", "ApiGateway\MultiShop.OcelotGateway\MultiShop.OcelotGateway.csproj", "{0A89DC34-F049-4042-BD98-48B7F4C760BD}"
EndProject
Project("{2150E333-8FDC-42A3-9474-1A3956D46DE8}") = "Payment", "Payment", "{C0141097-70FC-468B-8BEE-6A0B5C20A57B}"
EndProject
Project("{9A19103F-16F7-4668-BE54-9A1E7A4F7556}") = "MultiShop.Payment", "Services\Payment\MultiShop.Payment\MultiShop.Payment.csproj", "{DA74A736-3747-4B06-A86A-1A8BCA145114}"
EndProject
Project("{2150E333-8FDC-42A3-9474-1A3956D46DE8}") = "Images", "Images", "{0A4BCCAE-971F-4800-9510-EAE35245F5C2}"
EndProject
Project("{9A19103F-16F7-4668-BE54-9A1E7A4F7556}") = "MultiShop.Images", "Services\Images\MultiShop.Images\MultiShop.Images.csproj", "{A7CD8BA2-5213-4ACE-8096-A81F4C8F42A8}"
EndProject
Project("{2150E333-8FDC-42A3-9474-1A3956D46DE8}") = "SignalRRealTime", "SignalRRealTime", "{DF2DD761-75DC-4B3E-AB7F-C875E488B6AB}"
EndProject
Project("{9A19103F-16F7-4668-BE54-9A1E7A4F7556}") = "MultiShop.SignalRRealTime", "Services\SignalRRealTime\MultiShop.SignalRRealTime\MultiShop.SignalRRealTime.csproj", "{CB128E3E-B0EA-45BA-BB60-E95DD7E8A868}"
EndProject
Project("{2150E333-8FDC-42A3-9474-1A3956D46DE8}") = "RabbitMqMessage", "RabbitMqMessage", "{50CD3626-0FC0-4E14-A7D4-8C87CD50CC6D}"
EndProject
Project("{FAE04EC0-301F-11D3-BF4B-00C04F79EFBC}") = "MultiShop.RabbitApiWebUI", "MultiShop.RabbitApiWebUI\MultiShop.RabbitApiWebUI.csproj", "{8445434A-9C75-4E98-B69B-579F36D88EA1}"
EndProject
Global
	GlobalSection(SolutionConfigurationPlatforms) = preSolution
		Debug|Any CPU = Debug|Any CPU
		Release|Any CPU = Release|Any CPU
	EndGlobalSection
	GlobalSection(ProjectConfigurationPlatforms) = postSolution
		{E35E1C61-95FC-4035-BA04-138EE69B6CD4}.Debug|Any CPU.ActiveCfg = Debug|Any CPU
		{E35E1C61-95FC-4035-BA04-138EE69B6CD4}.Debug|Any CPU.Build.0 = Debug|Any CPU
		{E35E1C61-95FC-4035-BA04-138EE69B6CD4}.Release|Any CPU.ActiveCfg = Release|Any CPU
		{E35E1C61-95FC-4035-BA04-138EE69B6CD4}.Release|Any CPU.Build.0 = Release|Any CPU
		{9B531EC9-DB1A-4B5D-8872-296432BF73FE}.Debug|Any CPU.ActiveCfg = Debug|Any CPU
		{9B531EC9-DB1A-4B5D-8872-296432BF73FE}.Debug|Any CPU.Build.0 = Debug|Any CPU
		{9B531EC9-DB1A-4B5D-8872-296432BF73FE}.Release|Any CPU.ActiveCfg = Release|Any CPU
		{9B531EC9-DB1A-4B5D-8872-296432BF73FE}.Release|Any CPU.Build.0 = Release|Any CPU
		{BC2430CC-2691-4BBF-9571-4C2C40B8390B}.Debug|Any CPU.ActiveCfg = Debug|Any CPU
		{BC2430CC-2691-4BBF-9571-4C2C40B8390B}.Debug|Any CPU.Build.0 = Debug|Any CPU
		{BC2430CC-2691-4BBF-9571-4C2C40B8390B}.Release|Any CPU.ActiveCfg = Release|Any CPU
		{BC2430CC-2691-4BBF-9571-4C2C40B8390B}.Release|Any CPU.Build.0 = Release|Any CPU
		{84C65B35-32C5-45ED-ABF2-06AB11DEF9EF}.Debug|Any CPU.ActiveCfg = Debug|Any CPU
		{84C65B35-32C5-45ED-ABF2-06AB11DEF9EF}.Debug|Any CPU.Build.0 = Debug|Any CPU
		{84C65B35-32C5-45ED-ABF2-06AB11DEF9EF}.Release|Any CPU.ActiveCfg = Release|Any CPU
		{84C65B35-32C5-45ED-ABF2-06AB11DEF9EF}.Release|Any CPU.Build.0 = Release|Any CPU
		{4DAF442C-A81B-4F0E-AAC8-798929DD8830}.Debug|Any CPU.ActiveCfg = Debug|Any CPU
		{4DAF442C-A81B-4F0E-AAC8-798929DD8830}.Debug|Any CPU.Build.0 = Debug|Any CPU
		{4DAF442C-A81B-4F0E-AAC8-798929DD8830}.Release|Any CPU.ActiveCfg = Release|Any CPU
		{4DAF442C-A81B-4F0E-AAC8-798929DD8830}.Release|Any CPU.Build.0 = Release|Any CPU
		{B7AF639A-86CD-4343-B925-37E798957199}.Debug|Any CPU.ActiveCfg = Debug|Any CPU
		{B7AF639A-86CD-4343-B925-37E798957199}.Debug|Any CPU.Build.0 = Debug|Any CPU
		{B7AF639A-86CD-4343-B925-37E798957199}.Release|Any CPU.ActiveCfg = Release|Any CPU
		{B7AF639A-86CD-4343-B925-37E798957199}.Release|Any CPU.Build.0 = Release|Any CPU
		{551D1046-A67A-4833-9E69-9C685B49A3C5}.Debug|Any CPU.ActiveCfg = Debug|Any CPU
		{551D1046-A67A-4833-9E69-9C685B49A3C5}.Debug|Any CPU.Build.0 = Debug|Any CPU
		{551D1046-A67A-4833-9E69-9C685B49A3C5}.Release|Any CPU.ActiveCfg = Release|Any CPU
		{551D1046-A67A-4833-9E69-9C685B49A3C5}.Release|Any CPU.Build.0 = Release|Any CPU
		{DB6A6485-82A1-4441-8CA3-902247B8E0B0}.Debug|Any CPU.ActiveCfg = Debug|Any CPU
		{DB6A6485-82A1-4441-8CA3-902247B8E0B0}.Debug|Any CPU.Build.0 = Debug|Any CPU
		{DB6A6485-82A1-4441-8CA3-902247B8E0B0}.Release|Any CPU.ActiveCfg = Release|Any CPU
		{DB6A6485-82A1-4441-8CA3-902247B8E0B0}.Release|Any CPU.Build.0 = Release|Any CPU
		{23314E4F-61EA-4ABD-B408-36CF2D0FFF9F}.Debug|Any CPU.ActiveCfg = Debug|Any CPU
		{23314E4F-61EA-4ABD-B408-36CF2D0FFF9F}.Debug|Any CPU.Build.0 = Debug|Any CPU
		{23314E4F-61EA-4ABD-B408-36CF2D0FFF9F}.Release|Any CPU.ActiveCfg = Release|Any CPU
		{23314E4F-61EA-4ABD-B408-36CF2D0FFF9F}.Release|Any CPU.Build.0 = Release|Any CPU
		{C60EB7D1-E747-405D-84DE-D64F285D168F}.Debug|Any CPU.ActiveCfg = Debug|Any CPU
		{C60EB7D1-E747-405D-84DE-D64F285D168F}.Debug|Any CPU.Build.0 = Debug|Any CPU
		{C60EB7D1-E747-405D-84DE-D64F285D168F}.Release|Any CPU.ActiveCfg = Release|Any CPU
		{C60EB7D1-E747-405D-84DE-D64F285D168F}.Release|Any CPU.Build.0 = Release|Any CPU
		{61B6D84A-B882-406B-ADC8-78930D599499}.Debug|Any CPU.ActiveCfg = Debug|Any CPU
		{61B6D84A-B882-406B-ADC8-78930D599499}.Debug|Any CPU.Build.0 = Debug|Any CPU
		{61B6D84A-B882-406B-ADC8-78930D599499}.Release|Any CPU.ActiveCfg = Release|Any CPU
		{61B6D84A-B882-406B-ADC8-78930D599499}.Release|Any CPU.Build.0 = Release|Any CPU
		{A9181EE0-6C8C-4C7B-A275-8FDECFC146AF}.Debug|Any CPU.ActiveCfg = Debug|Any CPU
		{A9181EE0-6C8C-4C7B-A275-8FDECFC146AF}.Debug|Any CPU.Build.0 = Debug|Any CPU
		{A9181EE0-6C8C-4C7B-A275-8FDECFC146AF}.Release|Any CPU.ActiveCfg = Release|Any CPU
		{A9181EE0-6C8C-4C7B-A275-8FDECFC146AF}.Release|Any CPU.Build.0 = Release|Any CPU
		{D6F4BC7A-4677-4C9F-A842-F06A240FAEFF}.Debug|Any CPU.ActiveCfg = Debug|Any CPU
		{D6F4BC7A-4677-4C9F-A842-F06A240FAEFF}.Debug|Any CPU.Build.0 = Debug|Any CPU
		{D6F4BC7A-4677-4C9F-A842-F06A240FAEFF}.Release|Any CPU.ActiveCfg = Release|Any CPU
		{D6F4BC7A-4677-4C9F-A842-F06A240FAEFF}.Release|Any CPU.Build.0 = Release|Any CPU
		{3A2DC423-35D3-4F12-BCCE-DD1D852ED91B}.Debug|Any CPU.ActiveCfg = Debug|Any CPU
		{3A2DC423-35D3-4F12-BCCE-DD1D852ED91B}.Debug|Any CPU.Build.0 = Debug|Any CPU
		{3A2DC423-35D3-4F12-BCCE-DD1D852ED91B}.Release|Any CPU.ActiveCfg = Release|Any CPU
		{3A2DC423-35D3-4F12-BCCE-DD1D852ED91B}.Release|Any CPU.Build.0 = Release|Any CPU
		{5F863CF7-F622-40EE-83FB-3D384776D93D}.Debug|Any CPU.ActiveCfg = Debug|Any CPU
		{5F863CF7-F622-40EE-83FB-3D384776D93D}.Debug|Any CPU.Build.0 = Debug|Any CPU
		{5F863CF7-F622-40EE-83FB-3D384776D93D}.Release|Any CPU.ActiveCfg = Release|Any CPU
		{5F863CF7-F622-40EE-83FB-3D384776D93D}.Release|Any CPU.Build.0 = Release|Any CPU
		{4AEE3DC9-CF5F-41B6-9CF2-CD327C0A2BE6}.Debug|Any CPU.ActiveCfg = Debug|Any CPU
		{4AEE3DC9-CF5F-41B6-9CF2-CD327C0A2BE6}.Debug|Any CPU.Build.0 = Debug|Any CPU
		{4AEE3DC9-CF5F-41B6-9CF2-CD327C0A2BE6}.Release|Any CPU.ActiveCfg = Release|Any CPU
		{4AEE3DC9-CF5F-41B6-9CF2-CD327C0A2BE6}.Release|Any CPU.Build.0 = Release|Any CPU
		{0A89DC34-F049-4042-BD98-48B7F4C760BD}.Debug|Any CPU.ActiveCfg = Debug|Any CPU
		{0A89DC34-F049-4042-BD98-48B7F4C760BD}.Debug|Any CPU.Build.0 = Debug|Any CPU
		{0A89DC34-F049-4042-BD98-48B7F4C760BD}.Release|Any CPU.ActiveCfg = Release|Any CPU
		{0A89DC34-F049-4042-BD98-48B7F4C760BD}.Release|Any CPU.Build.0 = Release|Any CPU
		{DA74A736-3747-4B06-A86A-1A8BCA145114}.Debug|Any CPU.ActiveCfg = Debug|Any CPU
		{DA74A736-3747-4B06-A86A-1A8BCA145114}.Debug|Any CPU.Build.0 = Debug|Any CPU
		{DA74A736-3747-4B06-A86A-1A8BCA145114}.Release|Any CPU.ActiveCfg = Release|Any CPU
		{DA74A736-3747-4B06-A86A-1A8BCA145114}.Release|Any CPU.Build.0 = Release|Any CPU
		{A7CD8BA2-5213-4ACE-8096-A81F4C8F42A8}.Debug|Any CPU.ActiveCfg = Debug|Any CPU
		{A7CD8BA2-5213-4ACE-8096-A81F4C8F42A8}.Debug|Any CPU.Build.0 = Debug|Any CPU
		{A7CD8BA2-5213-4ACE-8096-A81F4C8F42A8}.Release|Any CPU.ActiveCfg = Release|Any CPU
		{A7CD8BA2-5213-4ACE-8096-A81F4C8F42A8}.Release|Any CPU.Build.0 = Release|Any CPU
		{CB128E3E-B0EA-45BA-BB60-E95DD7E8A868}.Debug|Any CPU.ActiveCfg = Debug|Any CPU
		{CB128E3E-B0EA-45BA-BB60-E95DD7E8A868}.Debug|Any CPU.Build.0 = Debug|Any CPU
		{CB128E3E-B0EA-45BA-BB60-E95DD7E8A868}.Release|Any CPU.ActiveCfg = Release|Any CPU
		{CB128E3E-B0EA-45BA-BB60-E95DD7E8A868}.Release|Any CPU.Build.0 = Release|Any CPU
		{8445434A-9C75-4E98-B69B-579F36D88EA1}.Debug|Any CPU.ActiveCfg = Debug|Any CPU
		{8445434A-9C75-4E98-B69B-579F36D88EA1}.Debug|Any CPU.Build.0 = Debug|Any CPU
		{8445434A-9C75-4E98-B69B-579F36D88EA1}.Release|Any CPU.ActiveCfg = Release|Any CPU
		{8445434A-9C75-4E98-B69B-579F36D88EA1}.Release|Any CPU.Build.0 = Release|Any CPU
	EndGlobalSection
	GlobalSection(SolutionProperties) = preSolution
		HideSolutionNode = FALSE
	EndGlobalSection
	GlobalSection(NestedProjects) = preSolution
		{E313953B-A104-4655-A009-B3201A319721} = {9C071687-AEE3-4021-B887-0814CE9DA632}
		{E35E1C61-95FC-4035-BA04-138EE69B6CD4} = {E313953B-A104-4655-A009-B3201A319721}
		{77379484-77D3-4BC8-B07F-9272B017626C} = {9C071687-AEE3-4021-B887-0814CE9DA632}
		{9B531EC9-DB1A-4B5D-8872-296432BF73FE} = {77379484-77D3-4BC8-B07F-9272B017626C}
		{9D425CB5-B91D-41BA-8697-2C326F504753} = {9C071687-AEE3-4021-B887-0814CE9DA632}
		{34D42E74-582A-436C-B51D-D5E1EE376DDB} = {9D425CB5-B91D-41BA-8697-2C326F504753}
		{AD591F63-05FD-49FD-BA14-21D3C2200EFC} = {9D425CB5-B91D-41BA-8697-2C326F504753}
		{1D0E80A8-B41B-4FCE-B62F-A77ACD1BB2EC} = {9D425CB5-B91D-41BA-8697-2C326F504753}
		{BC2430CC-2691-4BBF-9571-4C2C40B8390B} = {34D42E74-582A-436C-B51D-D5E1EE376DDB}
		{84C65B35-32C5-45ED-ABF2-06AB11DEF9EF} = {34D42E74-582A-436C-B51D-D5E1EE376DDB}
		{4DAF442C-A81B-4F0E-AAC8-798929DD8830} = {AD591F63-05FD-49FD-BA14-21D3C2200EFC}
		{B7AF639A-86CD-4343-B925-37E798957199} = {1D0E80A8-B41B-4FCE-B62F-A77ACD1BB2EC}
		{551D1046-A67A-4833-9E69-9C685B49A3C5} = {A286FB0D-0599-4C36-8129-3430449390BE}
		{5C289E9F-8915-4D6B-864C-3A9900920792} = {9C071687-AEE3-4021-B887-0814CE9DA632}
		{DB6A6485-82A1-4441-8CA3-902247B8E0B0} = {5C289E9F-8915-4D6B-864C-3A9900920792}
		{23314E4F-61EA-4ABD-B408-36CF2D0FFF9F} = {5C289E9F-8915-4D6B-864C-3A9900920792}
		{C60EB7D1-E747-405D-84DE-D64F285D168F} = {5C289E9F-8915-4D6B-864C-3A9900920792}
		{61B6D84A-B882-406B-ADC8-78930D599499} = {5C289E9F-8915-4D6B-864C-3A9900920792}
		{A9181EE0-6C8C-4C7B-A275-8FDECFC146AF} = {5C289E9F-8915-4D6B-864C-3A9900920792}
		{5DD7572E-AD17-46D6-B658-D6259E849B49} = {9C071687-AEE3-4021-B887-0814CE9DA632}
		{D6F4BC7A-4677-4C9F-A842-F06A240FAEFF} = {5DD7572E-AD17-46D6-B658-D6259E849B49}
		{3A2DC423-35D3-4F12-BCCE-DD1D852ED91B} = {689E0E64-9FC7-4913-B6B3-6AF248444495}
		{5F863CF7-F622-40EE-83FB-3D384776D93D} = {689E0E64-9FC7-4913-B6B3-6AF248444495}
		{A9256CBF-77A7-4AD4-A61E-AAA44F0EA885} = {9C071687-AEE3-4021-B887-0814CE9DA632}
		{4AEE3DC9-CF5F-41B6-9CF2-CD327C0A2BE6} = {A9256CBF-77A7-4AD4-A61E-AAA44F0EA885}
		{0A89DC34-F049-4042-BD98-48B7F4C760BD} = {A1DAA9A4-BC73-42ED-A1DF-434AA076B3FA}
		{C0141097-70FC-468B-8BEE-6A0B5C20A57B} = {9C071687-AEE3-4021-B887-0814CE9DA632}
		{DA74A736-3747-4B06-A86A-1A8BCA145114} = {C0141097-70FC-468B-8BEE-6A0B5C20A57B}
		{0A4BCCAE-971F-4800-9510-EAE35245F5C2} = {9C071687-AEE3-4021-B887-0814CE9DA632}
		{A7CD8BA2-5213-4ACE-8096-A81F4C8F42A8} = {0A4BCCAE-971F-4800-9510-EAE35245F5C2}
		{DF2DD761-75DC-4B3E-AB7F-C875E488B6AB} = {9C071687-AEE3-4021-B887-0814CE9DA632}
		{CB128E3E-B0EA-45BA-BB60-E95DD7E8A868} = {DF2DD761-75DC-4B3E-AB7F-C875E488B6AB}
		{50CD3626-0FC0-4E14-A7D4-8C87CD50CC6D} = {9C071687-AEE3-4021-B887-0814CE9DA632}
		{8445434A-9C75-4E98-B69B-579F36D88EA1} = {846F1078-4466-47EF-A064-67BADBEF8373}
	EndGlobalSection
	GlobalSection(ExtensibilityGlobals) = postSolution
		SolutionGuid = {0BB70D97-2D13-44FD-970C-BCAE6F19D80E}
	EndGlobalSection
EndGlobal
